
Microsoft Visual Studio Solution File, Format Version 12.00
# Visual Studio Version 17
VisualStudioVersion = 17.0.31903.59
MinimumVisualStudioVersion = 10.0.40219.1
Project("{2150E333-8FDC-42A3-9474-1A3956D46DE8}") = "Solution Items", "Solution Items", "{25DFFC1F-33E7-4487-8497-D3330A0A893A}"
	ProjectSection(SolutionItems) = preProject
		Assignment.csv = Assignment.csv
		Assignment_02.csv = Assignment_02.csv
		bang_phan_cong_giang_day.xls = bang_phan_cong_giang_day.xls
		BC_KL_Nhom_10_F.pdf = BC_KL_Nhom_10_F.pdf
		ConstraintList.md = ConstraintList.md
		JsonOutput.json = JsonOutput.json
		README.md = README.md
		Temp.txt = Temp.txt
		Timetable.csv = Timetable.csv
		TimetableFlag.csv = TimetableFlag.csv
	EndProjectSection
EndProject
Project("{9A19103F-16F7-4668-BE54-9A1E7A4F7556}") = "API", "src\API\API.csproj", "{2434D91E-4D5C-44E1-94DB-CFF4E2328DEE}"
EndProject
Project("{9A19103F-16F7-4668-BE54-9A1E7A4F7556}") = "Entities", "src\Entities\Entities.csproj", "{51DDF3BA-5D29-4B99-8C3A-E3A434A19981}"
EndProject
Project("{9A19103F-16F7-4668-BE54-9A1E7A4F7556}") = "Persistence", "src\Persistence\Persistence.csproj", "{02C5F4F3-5442-4B02-AD97-6F5AF582E7E3}"
EndProject
Project("{9A19103F-16F7-4668-BE54-9A1E7A4F7556}") = "Repositories.Implementation", "src\Repositories.Implementation\Repositories.Implementation.csproj", "{B372B8F8-7CD4-4E48-A274-458EFD48994A}"
EndProject
Project("{9A19103F-16F7-4668-BE54-9A1E7A4F7556}") = "Services.Abstraction", "src\Services.Abstraction\Services.Abstraction.csproj", "{0B9E5796-B977-49EE-9F9F-025408303B72}"
EndProject
Project("{9A19103F-16F7-4668-BE54-9A1E7A4F7556}") = "Services.Implementation", "src\Services.Implementation\Services.Implementation.csproj", "{D45A5D64-BFF2-43BB-AC41-32364F572BF0}"
EndProject
Project("{2150E333-8FDC-42A3-9474-1A3956D46DE8}") = "1. Domain", "1. Domain", "{A466A4C4-E57C-4BED-8D92-BA93F624CA16}"
EndProject
Project("{2150E333-8FDC-42A3-9474-1A3956D46DE8}") = "2. Service", "2. Service", "{7387C54D-00B3-4C44-BC9E-533C2A47A7E9}"
EndProject
Project("{2150E333-8FDC-42A3-9474-1A3956D46DE8}") = "3. Infrastructure", "3. Infrastructure", "{363296F4-01F5-4981-9356-65A58EC8BD3E}"
EndProject
Project("{2150E333-8FDC-42A3-9474-1A3956D46DE8}") = "3. Presentation", "3. Presentation", "{52A55B86-077A-4058-A1AB-96C4BB6832E3}"
EndProject
Global
	GlobalSection(SolutionConfigurationPlatforms) = preSolution
		Debug|Any CPU = Debug|Any CPU
		Release|Any CPU = Release|Any CPU
	EndGlobalSection
	GlobalSection(ProjectConfigurationPlatforms) = postSolution
		{2434D91E-4D5C-44E1-94DB-CFF4E2328DEE}.Debug|Any CPU.ActiveCfg = Debug|Any CPU
		{2434D91E-4D5C-44E1-94DB-CFF4E2328DEE}.Debug|Any CPU.Build.0 = Debug|Any CPU
		{2434D91E-4D5C-44E1-94DB-CFF4E2328DEE}.Release|Any CPU.ActiveCfg = Release|Any CPU
		{2434D91E-4D5C-44E1-94DB-CFF4E2328DEE}.Release|Any CPU.Build.0 = Release|Any CPU
		{51DDF3BA-5D29-4B99-8C3A-E3A434A19981}.Debug|Any CPU.ActiveCfg = Debug|Any CPU
		{51DDF3BA-5D29-4B99-8C3A-E3A434A19981}.Debug|Any CPU.Build.0 = Debug|Any CPU
		{51DDF3BA-5D29-4B99-8C3A-E3A434A19981}.Release|Any CPU.ActiveCfg = Release|Any CPU
		{51DDF3BA-5D29-4B99-8C3A-E3A434A19981}.Release|Any CPU.Build.0 = Release|Any CPU
		{02C5F4F3-5442-4B02-AD97-6F5AF582E7E3}.Debug|Any CPU.ActiveCfg = Debug|Any CPU
		{02C5F4F3-5442-4B02-AD97-6F5AF582E7E3}.Debug|Any CPU.Build.0 = Debug|Any CPU
		{02C5F4F3-5442-4B02-AD97-6F5AF582E7E3}.Release|Any CPU.ActiveCfg = Release|Any CPU
		{02C5F4F3-5442-4B02-AD97-6F5AF582E7E3}.Release|Any CPU.Build.0 = Release|Any CPU
		{B372B8F8-7CD4-4E48-A274-458EFD48994A}.Debug|Any CPU.ActiveCfg = Debug|Any CPU
		{B372B8F8-7CD4-4E48-A274-458EFD48994A}.Debug|Any CPU.Build.0 = Debug|Any CPU
		{B372B8F8-7CD4-4E48-A274-458EFD48994A}.Release|Any CPU.ActiveCfg = Release|Any CPU
		{B372B8F8-7CD4-4E48-A274-458EFD48994A}.Release|Any CPU.Build.0 = Release|Any CPU
		{0B9E5796-B977-49EE-9F9F-025408303B72}.Debug|Any CPU.ActiveCfg = Debug|Any CPU
		{0B9E5796-B977-49EE-9F9F-025408303B72}.Debug|Any CPU.Build.0 = Debug|Any CPU
		{0B9E5796-B977-49EE-9F9F-025408303B72}.Release|Any CPU.ActiveCfg = Release|Any CPU
		{0B9E5796-B977-49EE-9F9F-025408303B72}.Release|Any CPU.Build.0 = Release|Any CPU
		{D45A5D64-BFF2-43BB-AC41-32364F572BF0}.Debug|Any CPU.ActiveCfg = Debug|Any CPU
		{D45A5D64-BFF2-43BB-AC41-32364F572BF0}.Debug|Any CPU.Build.0 = Debug|Any CPU
		{D45A5D64-BFF2-43BB-AC41-32364F572BF0}.Release|Any CPU.ActiveCfg = Release|Any CPU
		{D45A5D64-BFF2-43BB-AC41-32364F572BF0}.Release|Any CPU.Build.0 = Release|Any CPU
	EndGlobalSection
	GlobalSection(SolutionProperties) = preSolution
		HideSolutionNode = FALSE
	EndGlobalSection
	GlobalSection(NestedProjects) = preSolution
		{2434D91E-4D5C-44E1-94DB-CFF4E2328DEE} = {52A55B86-077A-4058-A1AB-96C4BB6832E3}
		{51DDF3BA-5D29-4B99-8C3A-E3A434A19981} = {A466A4C4-E57C-4BED-8D92-BA93F624CA16}
		{02C5F4F3-5442-4B02-AD97-6F5AF582E7E3} = {363296F4-01F5-4981-9356-65A58EC8BD3E}
		{B372B8F8-7CD4-4E48-A274-458EFD48994A} = {363296F4-01F5-4981-9356-65A58EC8BD3E}
		{0B9E5796-B977-49EE-9F9F-025408303B72} = {7387C54D-00B3-4C44-BC9E-533C2A47A7E9}
		{D45A5D64-BFF2-43BB-AC41-32364F572BF0} = {363296F4-01F5-4981-9356-65A58EC8BD3E}
	EndGlobalSection
	GlobalSection(ExtensibilityGlobals) = postSolution
		SolutionGuid = {5CB1F755-5DEC-4661-A2FA-7975E34AF66A}
	EndGlobalSection
EndGlobal
